
Microsoft Visual Studio Solution File, Format Version 12.00
# Visual Studio Version 17
VisualStudioVersion = 17.0.31903.59
MinimumVisualStudioVersion = 10.0.40219.1
Project("{FAE04EC0-301F-11D3-BF4B-00C04F79EFBC}") = "Estoque.API", "Estoque.API\Estoque.API.csproj", "{6D63680E-FAEB-4401-87DD-D89BC50A1E24}"
EndProject
Project("{FAE04EC0-301F-11D3-BF4B-00C04F79EFBC}") = "Estoque.Application", "Estoque.Application\Estoque.Application.csproj", "{BAF9FB00-9543-4040-B4ED-19CD3AF2FC43}"
EndProject
Project("{FAE04EC0-301F-11D3-BF4B-00C04F79EFBC}") = "Estoque.Domain", "Estoque.Domain\Estoque.Domain.csproj", "{6A88C51E-950B-4A50-A0D6-71BF45B0A72F}"
EndProject
Project("{FAE04EC0-301F-11D3-BF4B-00C04F79EFBC}") = "Estoque.Infrastructure", "Estoque.Infrastructure\Estoque.Infrastructure.csproj", "{1336F840-8F37-4921-97DA-34DF4A1A13D8}"
EndProject
Project("{FAE04EC0-301F-11D3-BF4B-00C04F79EFBC}") = "Estoque.Application.Tests", "Estoque.Application.Tests\Estoque.Application.Tests.csproj", "{45272E1B-7859-4DC7-9F6D-B95628C984CF}"
EndProject
Global
	GlobalSection(SolutionConfigurationPlatforms) = preSolution
		Debug|Any CPU = Debug|Any CPU
		Debug|x64 = Debug|x64
		Debug|x86 = Debug|x86
		Release|Any CPU = Release|Any CPU
		Release|x64 = Release|x64
		Release|x86 = Release|x86
	EndGlobalSection
	GlobalSection(ProjectConfigurationPlatforms) = postSolution
		{6D63680E-FAEB-4401-87DD-D89BC50A1E24}.Debug|Any CPU.ActiveCfg = Debug|Any CPU
		{6D63680E-FAEB-4401-87DD-D89BC50A1E24}.Debug|Any CPU.Build.0 = Debug|Any CPU
		{6D63680E-FAEB-4401-87DD-D89BC50A1E24}.Debug|x64.ActiveCfg = Debug|Any CPU
		{6D63680E-FAEB-4401-87DD-D89BC50A1E24}.Debug|x64.Build.0 = Debug|Any CPU
		{6D63680E-FAEB-4401-87DD-D89BC50A1E24}.Debug|x86.ActiveCfg = Debug|Any CPU
		{6D63680E-FAEB-4401-87DD-D89BC50A1E24}.Debug|x86.Build.0 = Debug|Any CPU
		{6D63680E-FAEB-4401-87DD-D89BC50A1E24}.Release|Any CPU.ActiveCfg = Release|Any CPU
		{6D63680E-FAEB-4401-87DD-D89BC50A1E24}.Release|Any CPU.Build.0 = Release|Any CPU
		{6D63680E-FAEB-4401-87DD-D89BC50A1E24}.Release|x64.ActiveCfg = Release|Any CPU
		{6D63680E-FAEB-4401-87DD-D89BC50A1E24}.Release|x64.Build.0 = Release|Any CPU
		{6D63680E-FAEB-4401-87DD-D89BC50A1E24}.Release|x86.ActiveCfg = Release|Any CPU
		{6D63680E-FAEB-4401-87DD-D89BC50A1E24}.Release|x86.Build.0 = Release|Any CPU
		{BAF9FB00-9543-4040-B4ED-19CD3AF2FC43}.Debug|Any CPU.ActiveCfg = Debug|Any CPU
		{BAF9FB00-9543-4040-B4ED-19CD3AF2FC43}.Debug|Any CPU.Build.0 = Debug|Any CPU
		{BAF9FB00-9543-4040-B4ED-19CD3AF2FC43}.Debug|x64.ActiveCfg = Debug|Any CPU
		{BAF9FB00-9543-4040-B4ED-19CD3AF2FC43}.Debug|x64.Build.0 = Debug|Any CPU
		{BAF9FB00-9543-4040-B4ED-19CD3AF2FC43}.Debug|x86.ActiveCfg = Debug|Any CPU
		{BAF9FB00-9543-4040-B4ED-19CD3AF2FC43}.Debug|x86.Build.0 = Debug|Any CPU
		{BAF9FB00-9543-4040-B4ED-19CD3AF2FC43}.Release|Any CPU.ActiveCfg = Release|Any CPU
		{BAF9FB00-9543-4040-B4ED-19CD3AF2FC43}.Release|Any CPU.Build.0 = Release|Any CPU
		{BAF9FB00-9543-4040-B4ED-19CD3AF2FC43}.Release|x64.ActiveCfg = Release|Any CPU
		{BAF9FB00-9543-4040-B4ED-19CD3AF2FC43}.Release|x64.Build.0 = Release|Any CPU
		{BAF9FB00-9543-4040-B4ED-19CD3AF2FC43}.Release|x86.ActiveCfg = Release|Any CPU
		{BAF9FB00-9543-4040-B4ED-19CD3AF2FC43}.Release|x86.Build.0 = Release|Any CPU
		{6A88C51E-950B-4A50-A0D6-71BF45B0A72F}.Debug|Any CPU.ActiveCfg = Debug|Any CPU
		{6A88C51E-950B-4A50-A0D6-71BF45B0A72F}.Debug|Any CPU.Build.0 = Debug|Any CPU
		{6A88C51E-950B-4A50-A0D6-71BF45B0A72F}.Debug|x64.ActiveCfg = Debug|Any CPU
		{6A88C51E-950B-4A50-A0D6-71BF45B0A72F}.Debug|x64.Build.0 = Debug|Any CPU
		{6A88C51E-950B-4A50-A0D6-71BF45B0A72F}.Debug|x86.ActiveCfg = Debug|Any CPU
		{6A88C51E-950B-4A50-A0D6-71BF45B0A72F}.Debug|x86.Build.0 = Debug|Any CPU
		{6A88C51E-950B-4A50-A0D6-71BF45B0A72F}.Release|Any CPU.ActiveCfg = Release|Any CPU
		{6A88C51E-950B-4A50-A0D6-71BF45B0A72F}.Release|Any CPU.Build.0 = Release|Any CPU
		{6A88C51E-950B-4A50-A0D6-71BF45B0A72F}.Release|x64.ActiveCfg = Release|Any CPU
		{6A88C51E-950B-4A50-A0D6-71BF45B0A72F}.Release|x64.Build.0 = Release|Any CPU
		{6A88C51E-950B-4A50-A0D6-71BF45B0A72F}.Release|x86.ActiveCfg = Release|Any CPU
		{6A88C51E-950B-4A50-A0D6-71BF45B0A72F}.Release|x86.Build.0 = Release|Any CPU
		{1336F840-8F37-4921-97DA-34DF4A1A13D8}.Debug|Any CPU.ActiveCfg = Debug|Any CPU
		{1336F840-8F37-4921-97DA-34DF4A1A13D8}.Debug|Any CPU.Build.0 = Debug|Any CPU
		{1336F840-8F37-4921-97DA-34DF4A1A13D8}.Debug|x64.ActiveCfg = Debug|Any CPU
		{1336F840-8F37-4921-97DA-34DF4A1A13D8}.Debug|x64.Build.0 = Debug|Any CPU
		{1336F840-8F37-4921-97DA-34DF4A1A13D8}.Debug|x86.ActiveCfg = Debug|Any CPU
		{1336F840-8F37-4921-97DA-34DF4A1A13D8}.Debug|x86.Build.0 = Debug|Any CPU
		{1336F840-8F37-4921-97DA-34DF4A1A13D8}.Release|Any CPU.ActiveCfg = Release|Any CPU
		{1336F840-8F37-4921-97DA-34DF4A1A13D8}.Release|Any CPU.Build.0 = Release|Any CPU
		{1336F840-8F37-4921-97DA-34DF4A1A13D8}.Release|x64.ActiveCfg = Release|Any CPU
		{1336F840-8F37-4921-97DA-34DF4A1A13D8}.Release|x64.Build.0 = Release|Any CPU
		{1336F840-8F37-4921-97DA-34DF4A1A13D8}.Release|x86.ActiveCfg = Release|Any CPU
		{1336F840-8F37-4921-97DA-34DF4A1A13D8}.Release|x86.Build.0 = Release|Any CPU
		{45272E1B-7859-4DC7-9F6D-B95628C984CF}.Debug|Any CPU.ActiveCfg = Debug|Any CPU
		{45272E1B-7859-4DC7-9F6D-B95628C984CF}.Debug|Any CPU.Build.0 = Debug|Any CPU
		{45272E1B-7859-4DC7-9F6D-B95628C984CF}.Debug|x64.ActiveCfg = Debug|Any CPU
		{45272E1B-7859-4DC7-9F6D-B95628C984CF}.Debug|x64.Build.0 = Debug|Any CPU
		{45272E1B-7859-4DC7-9F6D-B95628C984CF}.Debug|x86.ActiveCfg = Debug|Any CPU
		{45272E1B-7859-4DC7-9F6D-B95628C984CF}.Debug|x86.Build.0 = Debug|Any CPU
		{45272E1B-7859-4DC7-9F6D-B95628C984CF}.Release|Any CPU.ActiveCfg = Release|Any CPU
		{45272E1B-7859-4DC7-9F6D-B95628C984CF}.Release|Any CPU.Build.0 = Release|Any CPU
		{45272E1B-7859-4DC7-9F6D-B95628C984CF}.Release|x64.ActiveCfg = Release|Any CPU
		{45272E1B-7859-4DC7-9F6D-B95628C984CF}.Release|x64.Build.0 = Release|Any CPU
		{45272E1B-7859-4DC7-9F6D-B95628C984CF}.Release|x86.ActiveCfg = Release|Any CPU
		{45272E1B-7859-4DC7-9F6D-B95628C984CF}.Release|x86.Build.0 = Release|Any CPU
	EndGlobalSection
	GlobalSection(SolutionProperties) = preSolution
		HideSolutionNode = FALSE
	EndGlobalSection
EndGlobal
